
Microsoft Visual Studio Solution File, Format Version 12.00
# Visual Studio Version 16
VisualStudioVersion = 16.0.30114.105
MinimumVisualStudioVersion = 10.0.40219.1
Project("{FAE04EC0-301F-11D3-BF4B-00C04F79EFBC}") = "RazorPagesMovies", "RazorPagesMovies\RazorPagesMovies.csproj", "{58390540-C86C-47DB-9C56-F541C700DD30}"
EndProject
Global
	GlobalSection(SolutionConfigurationPlatforms) = preSolution
		Debug|Any CPU = Debug|Any CPU
		Release|Any CPU = Release|Any CPU
	EndGlobalSection
	GlobalSection(ProjectConfigurationPlatforms) = postSolution
		{58390540-C86C-47DB-9C56-F541C700DD30}.Debug|Any CPU.ActiveCfg = Debug|Any CPU
		{58390540-C86C-47DB-9C56-F541C700DD30}.Debug|Any CPU.Build.0 = Debug|Any CPU
		{58390540-C86C-47DB-9C56-F541C700DD30}.Release|Any CPU.ActiveCfg = Release|Any CPU
		{58390540-C86C-47DB-9C56-F541C700DD30}.Release|Any CPU.Build.0 = Release|Any CPU
	EndGlobalSection
	GlobalSection(SolutionProperties) = preSolution
		HideSolutionNode = FALSE
	EndGlobalSection
	GlobalSection(ExtensibilityGlobals) = postSolution
		SolutionGuid = {6180291B-18B8-4709-86EC-2E2677287FF1}
	EndGlobalSection
EndGlobal
